// !$*UTF8*$!
{
	archiveVersion = 1;
	classes = {
	};
	objectVersion = 56;
	objects = {

/* Begin PBXBuildFile section */
		DB2AEBB82BEAF3EA00EA1778 /* AppDelegate.swift in Sources */ = {isa = PBXBuildFile; fileRef = DB2AEBB72BEAF3EA00EA1778 /* AppDelegate.swift */; };
		DB2AEBBA2BEAF3EA00EA1778 /* SceneDelegate.swift in Sources */ = {isa = PBXBuildFile; fileRef = DB2AEBB92BEAF3EA00EA1778 /* SceneDelegate.swift */; };
		DB2AEBBC2BEAF3EA00EA1778 /* WeaterViewController.swift in Sources */ = {isa = PBXBuildFile; fileRef = DB2AEBBB2BEAF3EA00EA1778 /* WeaterViewController.swift */; };
		DB2AEBBF2BEAF3EA00EA1778 /* Base in Resources */ = {isa = PBXBuildFile; fileRef = DB2AEBBE2BEAF3EA00EA1778 /* Base */; };
		DB2AEBC12BEAF3EB00EA1778 /* Assets.xcassets in Resources */ = {isa = PBXBuildFile; fileRef = DB2AEBC02BEAF3EB00EA1778 /* Assets.xcassets */; };
		DB2AEBC42BEAF3EB00EA1778 /* Base in Resources */ = {isa = PBXBuildFile; fileRef = DB2AEBC32BEAF3EB00EA1778 /* Base */; };
/* End PBXBuildFile section */

/* Begin PBXFileReference section */
		DB2AEBB42BEAF3EA00EA1778 /* WeatherApp_ViktoriiaK.app */ = {isa = PBXFileReference; explicitFileType = wrapper.application; includeInIndex = 0; path = WeatherApp_ViktoriiaK.app; sourceTree = BUILT_PRODUCTS_DIR; };
		DB2AEBB72BEAF3EA00EA1778 /* AppDelegate.swift */ = {isa = PBXFileReference; lastKnownFileType = sourcecode.swift; path = AppDelegate.swift; sourceTree = "<group>"; };
		DB2AEBB92BEAF3EA00EA1778 /* SceneDelegate.swift */ = {isa = PBXFileReference; lastKnownFileType = sourcecode.swift; path = SceneDelegate.swift; sourceTree = "<group>"; };
		DB2AEBBB2BEAF3EA00EA1778 /* WeaterViewController.swift */ = {isa = PBXFileReference; lastKnownFileType = sourcecode.swift; path = WeaterViewController.swift; sourceTree = "<group>"; };
		DB2AEBBE2BEAF3EA00EA1778 /* Base */ = {isa = PBXFileReference; lastKnownFileType = file.storyboard; name = Base; path = Base.lproj/Main.storyboard; sourceTree = "<group>"; };
		DB2AEBC02BEAF3EB00EA1778 /* Assets.xcassets */ = {isa = PBXFileReference; lastKnownFileType = folder.assetcatalog; path = Assets.xcassets; sourceTree = "<group>"; };
		DB2AEBC32BEAF3EB00EA1778 /* Base */ = {isa = PBXFileReference; lastKnownFileType = file.storyboard; name = Base; path = Base.lproj/LaunchScreen.storyboard; sourceTree = "<group>"; };
		DB2AEBC52BEAF3EB00EA1778 /* Info.plist */ = {isa = PBXFileReference; lastKnownFileType = text.plist.xml; path = Info.plist; sourceTree = "<group>"; };
/* End PBXFileReference section */

/* Begin PBXFrameworksBuildPhase section */
		DB2AEBB12BEAF3EA00EA1778 /* Frameworks */ = {
			isa = PBXFrameworksBuildPhase;
			buildActionMask = 2147483647;
			files = (
			);
			runOnlyForDeploymentPostprocessing = 0;
		};
/* End PBXFrameworksBuildPhase section */

/* Begin PBXGroup section */
		DB2AEBAB2BEAF3EA00EA1778 = {
			isa = PBXGroup;
			children = (
				DB2AEBB62BEAF3EA00EA1778 /* WeatherApp_ViktoriiaK */,
				DB2AEBB52BEAF3EA00EA1778 /* Products */,
			);
			sourceTree = "<group>";
		};
		DB2AEBB52BEAF3EA00EA1778 /* Products */ = {
			isa = PBXGroup;
			children = (
				DB2AEBB42BEAF3EA00EA1778 /* WeatherApp_ViktoriiaK.app */,
			);
			name = Products;
			sourceTree = "<group>";
		};
		DB2AEBB62BEAF3EA00EA1778 /* WeatherApp_ViktoriiaK */ = {
			isa = PBXGroup;
			children = (
				DB2AEBB72BEAF3EA00EA1778 /* AppDelegate.swift */,
				DB2AEBB92BEAF3EA00EA1778 /* SceneDelegate.swift */,
				DB2AEBBB2BEAF3EA00EA1778 /* WeaterViewController.swift */,
				DB2AEBBD2BEAF3EA00EA1778 /* Main.storyboard */,
				DB2AEBC02BEAF3EB00EA1778 /* Assets.xcassets */,
				DB2AEBC22BEAF3EB00EA1778 /* LaunchScreen.storyboard */,
				DB2AEBC52BEAF3EB00EA1778 /* Info.plist */,
			);
			path = WeatherApp_ViktoriiaK;
			sourceTree = "<group>";
		};
/* End PBXGroup section */

/* Begin PBXNativeTarget section */
		DB2AEBB32BEAF3EA00EA1778 /* WeatherApp_ViktoriiaK */ = {
			isa = PBXNativeTarget;
			buildConfigurationList = DB2AEBC82BEAF3EB00EA1778 /* Build configuration list for PBXNativeTarget "WeatherApp_ViktoriiaK" */;
			buildPhases = (
				DB2AEBB02BEAF3EA00EA1778 /* Sources */,
				DB2AEBB12BEAF3EA00EA1778 /* Frameworks */,
				DB2AEBB22BEAF3EA00EA1778 /* Resources */,
			);
			buildRules = (
			);
			dependencies = (
			);
			name = WeatherApp_ViktoriiaK;
			productName = WeatherApp_ViktoriiaK;
			productReference = DB2AEBB42BEAF3EA00EA1778 /* WeatherApp_ViktoriiaK.app */;
			productType = "com.apple.product-type.application";
		};
/* End PBXNativeTarget section */

/* Begin PBXProject section */
		DB2AEBAC2BEAF3EA00EA1778 /* Project object */ = {
			isa = PBXProject;
			attributes = {
				BuildIndependentTargetsInParallel = 1;
				LastSwiftUpdateCheck = 1530;
				LastUpgradeCheck = 1530;
				TargetAttributes = {
					DB2AEBB32BEAF3EA00EA1778 = {
						CreatedOnToolsVersion = 15.3;
					};
				};
			};
			buildConfigurationList = DB2AEBAF2BEAF3EA00EA1778 /* Build configuration list for PBXProject "WeatherApp_ViktoriiaK" */;
			compatibilityVersion = "Xcode 14.0";
			developmentRegion = en;
			hasScannedForEncodings = 0;
			knownRegions = (
				en,
				Base,
			);
			mainGroup = DB2AEBAB2BEAF3EA00EA1778;
			productRefGroup = DB2AEBB52BEAF3EA00EA1778 /* Products */;
			projectDirPath = "";
			projectRoot = "";
			targets = (
				DB2AEBB32BEAF3EA00EA1778 /* WeatherApp_ViktoriiaK */,
			);
		};
/* End PBXProject section */

/* Begin PBXResourcesBuildPhase section */
		DB2AEBB22BEAF3EA00EA1778 /* Resources */ = {
			isa = PBXResourcesBuildPhase;
			buildActionMask = 2147483647;
			files = (
				DB2AEBC12BEAF3EB00EA1778 /* Assets.xcassets in Resources */,
				DB2AEBC42BEAF3EB00EA1778 /* Base in Resources */,
				DB2AEBBF2BEAF3EA00EA1778 /* Base in Resources */,
			);
			runOnlyForDeploymentPostprocessing = 0;
		};
/* End PBXResourcesBuildPhase section */

/* Begin PBXSourcesBuildPhase section */
		DB2AEBB02BEAF3EA00EA1778 /* Sources */ = {
			isa = PBXSourcesBuildPhase;
			buildActionMask = 2147483647;
			files = (
				DB2AEBBC2BEAF3EA00EA1778 /* WeaterViewController.swift in Sources */,
				DB2AEBB82BEAF3EA00EA1778 /* AppDelegate.swift in Sources */,
				DB2AEBBA2BEAF3EA00EA1778 /* SceneDelegate.swift in Sources */,
			);
			runOnlyForDeploymentPostprocessing = 0;
		};
/* End PBXSourcesBuildPhase section */

/* Begin PBXVariantGroup section */
		DB2AEBBD2BEAF3EA00EA1778 /* Main.storyboard */ = {
			isa = PBXVariantGroup;
			children = (
				DB2AEBBE2BEAF3EA00EA1778 /* Base */,
			);
			name = Main.storyboard;
			sourceTree = "<group>";
		};
		DB2AEBC22BEAF3EB00EA1778 /* LaunchScreen.storyboard */ = {
			isa = PBXVariantGroup;
			children = (
				DB2AEBC32BEAF3EB00EA1778 /* Base */,
			);
			name = LaunchScreen.storyboard;
			sourceTree = "<group>";
		};
/* End PBXVariantGroup section */

/* Begin XCBuildConfiguration section */
		DB2AEBC62BEAF3EB00EA1778 /* Debug */ = {
			isa = XCBuildConfiguration;
			buildSettings = {
				ALWAYS_SEARCH_USER_PATHS = NO;
				ASSETCATALOG_COMPILER_GENERATE_SWIFT_ASSET_SYMBOL_EXTENSIONS = YES;
				CLANG_ANALYZER_NONNULL = YES;
				CLANG_ANALYZER_NUMBER_OBJECT_CONVERSION = YES_AGGRESSIVE;
				CLANG_CXX_LANGUAGE_STANDARD = "gnu++20";
				CLANG_ENABLE_MODULES = YES;
				CLANG_ENABLE_OBJC_ARC = YES;
				CLANG_ENABLE_OBJC_WEAK = YES;
				CLANG_WARN_BLOCK_CAPTURE_AUTORELEASING = YES;
				CLANG_WARN_BOOL_CONVERSION = YES;
				CLANG_WARN_COMMA = YES;
				CLANG_WARN_CONSTANT_CONVERSION = YES;
				CLANG_WARN_DEPRECATED_OBJC_IMPLEMENTATIONS = YES;
				CLANG_WARN_DIRECT_OBJC_ISA_USAGE = YES_ERROR;
				CLANG_WARN_DOCUMENTATION_COMMENTS = YES;
				CLANG_WARN_EMPTY_BODY = YES;
				CLANG_WARN_ENUM_CONVERSION = YES;
				CLANG_WARN_INFINITE_RECURSION = YES;
				CLANG_WARN_INT_CONVERSION = YES;
				CLANG_WARN_NON_LITERAL_NULL_CONVERSION = YES;
				CLANG_WARN_OBJC_IMPLICIT_RETAIN_SELF = YES;
				CLANG_WARN_OBJC_LITERAL_CONVERSION = YES;
				CLANG_WARN_OBJC_ROOT_CLASS = YES_ERROR;
				CLANG_WARN_QUOTED_INCLUDE_IN_FRAMEWORK_HEADER = YES;
				CLANG_WARN_RANGE_LOOP_ANALYSIS = YES;
				CLANG_WARN_STRICT_PROTOTYPES = YES;
				CLANG_WARN_SUSPICIOUS_MOVE = YES;
				CLANG_WARN_UNGUARDED_AVAILABILITY = YES_AGGRESSIVE;
				CLANG_WARN_UNREACHABLE_CODE = YES;
				CLANG_WARN__DUPLICATE_METHOD_MATCH = YES;
				COPY_PHASE_STRIP = NO;
				DEBUG_INFORMATION_FORMAT = dwarf;
				ENABLE_STRICT_OBJC_MSGSEND = YES;
				ENABLE_TESTABILITY = YES;
				ENABLE_USER_SCRIPT_SANDBOXING = YES;
				GCC_C_LANGUAGE_STANDARD = gnu17;
				GCC_DYNAMIC_NO_PIC = NO;
				GCC_NO_COMMON_BLOCKS = YES;
				GCC_OPTIMIZATION_LEVEL = 0;
				GCC_PREPROCESSOR_DEFINITIONS = (
					"DEBUG=1",
					"$(inherited)",
				);
				GCC_WARN_64_TO_32_BIT_CONVERSION = YES;
				GCC_WARN_ABOUT_RETURN_TYPE = YES_ERROR;
				GCC_WARN_UNDECLARED_SELECTOR = YES;
				GCC_WARN_UNINITIALIZED_AUTOS = YES_AGGRESSIVE;
				GCC_WARN_UNUSED_FUNCTION = YES;
				GCC_WARN_UNUSED_VARIABLE = YES;
				IPHONEOS_DEPLOYMENT_TARGET = 17.4;
				LOCALIZATION_PREFERS_STRING_CATALOGS = YES;
				MTL_ENABLE_DEBUG_INFO = INCLUDE_SOURCE;
				MTL_FAST_MATH = YES;
				ONLY_ACTIVE_ARCH = YES;
				SDKROOT = iphoneos;
				SWIFT_ACTIVE_COMPILATION_CONDITIONS = "DEBUG $(inherited)";
				SWIFT_OPTIMIZATION_LEVEL = "-Onone";
			};
			name = Debug;
		};
		DB2AEBC72BEAF3EB00EA1778 /* Release */ = {
			isa = XCBuildConfiguration;
			buildSettings = {
				ALWAYS_SEARCH_USER_PATHS = NO;
				ASSETCATALOG_COMPILER_GENERATE_SWIFT_ASSET_SYMBOL_EXTENSIONS = YES;
				CLANG_ANALYZER_NONNULL = YES;
				CLANG_ANALYZER_NUMBER_OBJECT_CONVERSION = YES_AGGRESSIVE;
				CLANG_CXX_LANGUAGE_STANDARD = "gnu++20";
				CLANG_ENABLE_MODULES = YES;
				CLANG_ENABLE_OBJC_ARC = YES;
				CLANG_ENABLE_OBJC_WEAK = YES;
				CLANG_WARN_BLOCK_CAPTURE_AUTORELEASING = YES;
				CLANG_WARN_BOOL_CONVERSION = YES;
				CLANG_WARN_COMMA = YES;
				CLANG_WARN_CONSTANT_CONVERSION = YES;
				CLANG_WARN_DEPRECATED_OBJC_IMPLEMENTATIONS = YES;
				CLANG_WARN_DIRECT_OBJC_ISA_USAGE = YES_ERROR;
				CLANG_WARN_DOCUMENTATION_COMMENTS = YES;
				CLANG_WARN_EMPTY_BODY = YES;
				CLANG_WARN_ENUM_CONVERSION = YES;
				CLANG_WARN_INFINITE_RECURSION = YES;
				CLANG_WARN_INT_CONVERSION = YES;
				CLANG_WARN_NON_LITERAL_NULL_CONVERSION = YES;
				CLANG_WARN_OBJC_IMPLICIT_RETAIN_SELF = YES;
				CLANG_WARN_OBJC_LITERAL_CONVERSION = YES;
				CLANG_WARN_OBJC_ROOT_CLASS = YES_ERROR;
				CLANG_WARN_QUOTED_INCLUDE_IN_FRAMEWORK_HEADER = YES;
				CLANG_WARN_RANGE_LOOP_ANALYSIS = YES;
				CLANG_WARN_STRICT_PROTOTYPES = YES;
				CLANG_WARN_SUSPICIOUS_MOVE = YES;
				CLANG_WARN_UNGUARDED_AVAILABILITY = YES_AGGRESSIVE;
				CLANG_WARN_UNREACHABLE_CODE = YES;
				CLANG_WARN__DUPLICATE_METHOD_MATCH = YES;
				COPY_PHASE_STRIP = NO;
				DEBUG_INFORMATION_FORMAT = "dwarf-with-dsym";
				ENABLE_NS_ASSERTIONS = NO;
				ENABLE_STRICT_OBJC_MSGSEND = YES;
				ENABLE_USER_SCRIPT_SANDBOXING = YES;
				GCC_C_LANGUAGE_STANDARD = gnu17;
				GCC_NO_COMMON_BLOCKS = YES;
				GCC_WARN_64_TO_32_BIT_CONVERSION = YES;
				GCC_WARN_ABOUT_RETURN_TYPE = YES_ERROR;
				GCC_WARN_UNDECLARED_SELECTOR = YES;
				GCC_WARN_UNINITIALIZED_AUTOS = YES_AGGRESSIVE;
				GCC_WARN_UNUSED_FUNCTION = YES;
				GCC_WARN_UNUSED_VARIABLE = YES;
				IPHONEOS_DEPLOYMENT_TARGET = 17.4;
				LOCALIZATION_PREFERS_STRING_CATALOGS = YES;
				MTL_ENABLE_DEBUG_INFO = NO;
				MTL_FAST_MATH = YES;
				SDKROOT = iphoneos;
				SWIFT_COMPILATION_MODE = wholemodule;
				VALIDATE_PRODUCT = YES;
			};
			name = Release;
		};
		DB2AEBC92BEAF3EB00EA1778 /* Debug */ = {
			isa = XCBuildConfiguration;
			buildSettings = {
				ASSETCATALOG_COMPILER_APPICON_NAME = AppIcon;
				ASSETCATALOG_COMPILER_GLOBAL_ACCENT_COLOR_NAME = AccentColor;
				CODE_SIGN_STYLE = Automatic;
				CURRENT_PROJECT_VERSION = 1;
				DEVELOPMENT_TEAM = SC9ST93RPM;
				GENERATE_INFOPLIST_FILE = YES;
				INFOPLIST_FILE = WeatherApp_ViktoriiaK/Info.plist;
				INFOPLIST_KEY_UIApplicationSupportsIndirectInputEvents = YES;
				INFOPLIST_KEY_UILaunchStoryboardName = LaunchScreen;
				INFOPLIST_KEY_UIMainStoryboardFile = Main;
				INFOPLIST_KEY_UISupportedInterfaceOrientations_iPad = "UIInterfaceOrientationPortrait UIInterfaceOrientationPortraitUpsideDown UIInterfaceOrientationLandscapeLeft UIInterfaceOrientationLandscapeRight";
				INFOPLIST_KEY_UISupportedInterfaceOrientations_iPhone = "UIInterfaceOrientationPortrait UIInterfaceOrientationLandscapeLeft UIInterfaceOrientationLandscapeRight";
				LD_RUNPATH_SEARCH_PATHS = (
					"$(inherited)",
					"@executable_path/Frameworks",
				);
				MARKETING_VERSION = 1.0;
				PRODUCT_BUNDLE_IDENTIFIER = "viki.WeatherApp-ViktoriiaK";
				PRODUCT_NAME = "$(TARGET_NAME)";
				SWIFT_EMIT_LOC_STRINGS = YES;
				SWIFT_VERSION = 5.0;
				TARGETED_DEVICE_FAMILY = "1,2";
			};
			name = Debug;
		};
		DB2AEBCA2BEAF3EB00EA1778 /* Release */ = {
			isa = XCBuildConfiguration;
			buildSettings = {
				ASSETCATALOG_COMPILER_APPICON_NAME = AppIcon;
				ASSETCATALOG_COMPILER_GLOBAL_ACCENT_COLOR_NAME = AccentColor;
				CODE_SIGN_STYLE = Automatic;
				CURRENT_PROJECT_VERSION = 1;
				DEVELOPMENT_TEAM = SC9ST93RPM;
				GENERATE_INFOPLIST_FILE = YES;
				INFOPLIST_FILE = WeatherApp_ViktoriiaK/Info.plist;
				INFOPLIST_KEY_UIApplicationSupportsIndirectInputEvents = YES;
				INFOPLIST_KEY_UILaunchStoryboardName = LaunchScreen;
				INFOPLIST_KEY_UIMainStoryboardFile = Main;
				INFOPLIST_KEY_UISupportedInterfaceOrientations_iPad = "UIInterfaceOrientationPortrait UIInterfaceOrientationPortraitUpsideDown UIInterfaceOrientationLandscapeLeft UIInterfaceOrientationLandscapeRight";
				INFOPLIST_KEY_UISupportedInterfaceOrientations_iPhone = "UIInterfaceOrientationPortrait UIInterfaceOrientationLandscapeLeft UIInterfaceOrientationLandscapeRight";
				LD_RUNPATH_SEARCH_PATHS = (
					"$(inherited)",
					"@executable_path/Frameworks",
				);
				MARKETING_VERSION = 1.0;
				PRODUCT_BUNDLE_IDENTIFIER = "viki.WeatherApp-ViktoriiaK";
				PRODUCT_NAME = "$(TARGET_NAME)";
				SWIFT_EMIT_LOC_STRINGS = YES;
				SWIFT_VERSION = 5.0;
				TARGETED_DEVICE_FAMILY = "1,2";
			};
			name = Release;
		};
/* End XCBuildConfiguration section */

/* Begin XCConfigurationList section */
		DB2AEBAF2BEAF3EA00EA1778 /* Build configuration list for PBXProject "WeatherApp_ViktoriiaK" */ = {
			isa = XCConfigurationList;
			buildConfigurations = (
				DB2AEBC62BEAF3EB00EA1778 /* Debug */,
				DB2AEBC72BEAF3EB00EA1778 /* Release */,
			);
			defaultConfigurationIsVisible = 0;
			defaultConfigurationName = Release;
		};
		DB2AEBC82BEAF3EB00EA1778 /* Build configuration list for PBXNativeTarget "WeatherApp_ViktoriiaK" */ = {
			isa = XCConfigurationList;
			buildConfigurations = (
				DB2AEBC92BEAF3EB00EA1778 /* Debug */,
				DB2AEBCA2BEAF3EB00EA1778 /* Release */,
			);
			defaultConfigurationIsVisible = 0;
			defaultConfigurationName = Release;
		};
/* End XCConfigurationList section */
	};
	rootObject = DB2AEBAC2BEAF3EA00EA1778 /* Project object */;
}
